
Microsoft Visual Studio Solution File, Format Version 12.00
# Visual Studio Version 17
VisualStudioVersion = 17.14.36408.4 d17.14
MinimumVisualStudioVersion = 10.0.40219.1
Project("{FAE04EC0-301F-11D3-BF4B-00C04F79EFBC}") = "ReqnrollBDDFramework", "ReqnrollBDDFramework.csproj", "{6357FDD5-163D-4420-A1AF-66F30E424212}"
EndProject
Global
	GlobalSection(SolutionConfigurationPlatforms) = preSolution
		Debug|Any CPU = Debug|Any CPU
		Release|Any CPU = Release|Any CPU
	EndGlobalSection
	GlobalSection(ProjectConfigurationPlatforms) = postSolution
		{6357FDD5-163D-4420-A1AF-66F30E424212}.Debug|Any CPU.ActiveCfg = Debug|Any CPU
		{6357FDD5-163D-4420-A1AF-66F30E424212}.Debug|Any CPU.Build.0 = Debug|Any CPU
		{6357FDD5-163D-4420-A1AF-66F30E424212}.Release|Any CPU.ActiveCfg = Release|Any CPU
		{6357FDD5-163D-4420-A1AF-66F30E424212}.Release|Any CPU.Build.0 = Release|Any CPU
	EndGlobalSection
	GlobalSection(SolutionProperties) = preSolution
		HideSolutionNode = FALSE
	EndGlobalSection
	GlobalSection(ExtensibilityGlobals) = postSolution
		SolutionGuid = {554CDAFD-AE37-40D3-A9AC-67E3C895A972}
	EndGlobalSection
EndGlobal
